// !$*UTF8*$!
{
	archiveVersion = 1;
	classes = {
	};
	objectVersion = 46;
	objects = {

/* Begin PBXBuildFile section */
		07C7839E2D00B20A53E840D4 /* Pods_RunScribeSampleApp.framework in Frameworks */ = {isa = PBXBuildFile; fileRef = 3049FCAFEF436BE5BCA1B61D /* Pods_RunScribeSampleApp.framework */; };
		2883C5701DC287180065359D /* main.m in Sources */ = {isa = PBXBuildFile; fileRef = 2883C56F1DC287180065359D /* main.m */; };
		2883C5731DC287180065359D /* AppDelegate.m in Sources */ = {isa = PBXBuildFile; fileRef = 2883C5721DC287180065359D /* AppDelegate.m */; };
		2883C5761DC287180065359D /* MainViewController.m in Sources */ = {isa = PBXBuildFile; fileRef = 2883C5751DC287180065359D /* MainViewController.m */; };
		2883C5791DC287180065359D /* Main.storyboard in Resources */ = {isa = PBXBuildFile; fileRef = 2883C5771DC287180065359D /* Main.storyboard */; };
		2883C57C1DC287180065359D /* RunScribeSampleApp.xcdatamodeld in Sources */ = {isa = PBXBuildFile; fileRef = 2883C57A1DC287180065359D /* RunScribeSampleApp.xcdatamodeld */; };
		2883C57E1DC287180065359D /* Assets.xcassets in Resources */ = {isa = PBXBuildFile; fileRef = 2883C57D1DC287180065359D /* Assets.xcassets */; };
		2883C5811DC287180065359D /* LaunchScreen.storyboard in Resources */ = {isa = PBXBuildFile; fileRef = 2883C57F1DC287180065359D /* LaunchScreen.storyboard */; };
		2883C58B1DC2887A0065359D /* RunScribeSDK.framework in Frameworks */ = {isa = PBXBuildFile; fileRef = 2883C5881DC2884E0065359D /* RunScribeSDK.framework */; };
		2883C58C1DC2887A0065359D /* RunScribeSDK.framework in Embed Frameworks */ = {isa = PBXBuildFile; fileRef = 2883C5881DC2884E0065359D /* RunScribeSDK.framework */; settings = {ATTRIBUTES = (CodeSignOnCopy, RemoveHeadersOnCopy, ); }; };
		28C14C8D1DC3B29000DBB6B3 /* DeviceTableViewCell.m in Sources */ = {isa = PBXBuildFile; fileRef = 28C14C8C1DC3B29000DBB6B3 /* DeviceTableViewCell.m */; };
/* End PBXBuildFile section */

/* Begin PBXCopyFilesBuildPhase section */
		2883C58D1DC2887A0065359D /* Embed Frameworks */ = {
			isa = PBXCopyFilesBuildPhase;
			buildActionMask = 2147483647;
			dstPath = "";
			dstSubfolderSpec = 10;
			files = (
				2883C58C1DC2887A0065359D /* RunScribeSDK.framework in Embed Frameworks */,
			);
			name = "Embed Frameworks";
			runOnlyForDeploymentPostprocessing = 0;
		};
/* End PBXCopyFilesBuildPhase section */

/* Begin PBXFileReference section */
		2883C56B1DC287180065359D /* RunScribeSampleApp.app */ = {isa = PBXFileReference; explicitFileType = wrapper.application; includeInIndex = 0; path = RunScribeSampleApp.app; sourceTree = BUILT_PRODUCTS_DIR; };
		2883C56F1DC287180065359D /* main.m */ = {isa = PBXFileReference; lastKnownFileType = sourcecode.c.objc; path = main.m; sourceTree = "<group>"; };
		2883C5711DC287180065359D /* AppDelegate.h */ = {isa = PBXFileReference; lastKnownFileType = sourcecode.c.h; path = AppDelegate.h; sourceTree = "<group>"; };
		2883C5721DC287180065359D /* AppDelegate.m */ = {isa = PBXFileReference; lastKnownFileType = sourcecode.c.objc; path = AppDelegate.m; sourceTree = "<group>"; };
		2883C5741DC287180065359D /* MainViewController.h */ = {isa = PBXFileReference; lastKnownFileType = sourcecode.c.h; path = MainViewController.h; sourceTree = "<group>"; };
		2883C5751DC287180065359D /* MainViewController.m */ = {isa = PBXFileReference; lastKnownFileType = sourcecode.c.objc; path = MainViewController.m; sourceTree = "<group>"; };
		2883C5781DC287180065359D /* Base */ = {isa = PBXFileReference; lastKnownFileType = file.storyboard; name = Base; path = Base.lproj/Main.storyboard; sourceTree = "<group>"; };
		2883C57B1DC287180065359D /* RunScribeSampleApp.xcdatamodel */ = {isa = PBXFileReference; lastKnownFileType = wrapper.xcdatamodel; path = RunScribeSampleApp.xcdatamodel; sourceTree = "<group>"; };
		2883C57D1DC287180065359D /* Assets.xcassets */ = {isa = PBXFileReference; lastKnownFileType = folder.assetcatalog; path = Assets.xcassets; sourceTree = "<group>"; };
		2883C5801DC287180065359D /* Base */ = {isa = PBXFileReference; lastKnownFileType = file.storyboard; name = Base; path = Base.lproj/LaunchScreen.storyboard; sourceTree = "<group>"; };
		2883C5821DC287180065359D /* Info.plist */ = {isa = PBXFileReference; lastKnownFileType = text.plist.xml; path = Info.plist; sourceTree = "<group>"; };
		2883C5881DC2884E0065359D /* RunScribeSDK.framework */ = {isa = PBXFileReference; lastKnownFileType = wrapper.framework; path = RunScribeSDK.framework; sourceTree = "<group>"; };
		28C14C8B1DC3B29000DBB6B3 /* DeviceTableViewCell.h */ = {isa = PBXFileReference; fileEncoding = 4; lastKnownFileType = sourcecode.c.h; path = DeviceTableViewCell.h; sourceTree = "<group>"; };
		28C14C8C1DC3B29000DBB6B3 /* DeviceTableViewCell.m */ = {isa = PBXFileReference; fileEncoding = 4; lastKnownFileType = sourcecode.c.objc; path = DeviceTableViewCell.m; sourceTree = "<group>"; };
		3049FCAFEF436BE5BCA1B61D /* Pods_RunScribeSampleApp.framework */ = {isa = PBXFileReference; explicitFileType = wrapper.framework; includeInIndex = 0; path = Pods_RunScribeSampleApp.framework; sourceTree = BUILT_PRODUCTS_DIR; };
		85038ECCBE491398BD0AC84A /* Pods-RunScribeSampleApp.release.xcconfig */ = {isa = PBXFileReference; includeInIndex = 1; lastKnownFileType = text.xcconfig; name = "Pods-RunScribeSampleApp.release.xcconfig"; path = "Pods/Target Support Files/Pods-RunScribeSampleApp/Pods-RunScribeSampleApp.release.xcconfig"; sourceTree = "<group>"; };
		B4DC3ED047CB44DE320B3B76 /* Pods-RunScribeSampleApp.debug.xcconfig */ = {isa = PBXFileReference; includeInIndex = 1; lastKnownFileType = text.xcconfig; name = "Pods-RunScribeSampleApp.debug.xcconfig"; path = "Pods/Target Support Files/Pods-RunScribeSampleApp/Pods-RunScribeSampleApp.debug.xcconfig"; sourceTree = "<group>"; };
/* End PBXFileReference section */

/* Begin PBXFrameworksBuildPhase section */
		2883C5681DC287170065359D /* Frameworks */ = {
			isa = PBXFrameworksBuildPhase;
			buildActionMask = 2147483647;
			files = (
				2883C58B1DC2887A0065359D /* RunScribeSDK.framework in Frameworks */,
				07C7839E2D00B20A53E840D4 /* Pods_RunScribeSampleApp.framework in Frameworks */,
			);
			runOnlyForDeploymentPostprocessing = 0;
		};
/* End PBXFrameworksBuildPhase section */

/* Begin PBXGroup section */
		2883C5621DC287170065359D = {
			isa = PBXGroup;
			children = (
				2883C56D1DC287180065359D /* RunScribeSampleApp */,
				2883C56C1DC287180065359D /* Products */,
				7A5FDDFE8566568481C63013 /* Pods */,
				993B2D489E44ED3F57436CE3 /* Frameworks */,
			);
			sourceTree = "<group>";
		};
		2883C56C1DC287180065359D /* Products */ = {
			isa = PBXGroup;
			children = (
				2883C56B1DC287180065359D /* RunScribeSampleApp.app */,
			);
			name = Products;
			sourceTree = "<group>";
		};
		2883C56D1DC287180065359D /* RunScribeSampleApp */ = {
			isa = PBXGroup;
			children = (
				2883C58A1DC288560065359D /* Frameworks */,
				2883C5711DC287180065359D /* AppDelegate.h */,
				2883C5721DC287180065359D /* AppDelegate.m */,
				2883C5741DC287180065359D /* MainViewController.h */,
				2883C5751DC287180065359D /* MainViewController.m */,
				2883C5771DC287180065359D /* Main.storyboard */,
				2883C57D1DC287180065359D /* Assets.xcassets */,
				2883C57F1DC287180065359D /* LaunchScreen.storyboard */,
				2883C5821DC287180065359D /* Info.plist */,
				2883C57A1DC287180065359D /* RunScribeSampleApp.xcdatamodeld */,
				2883C56E1DC287180065359D /* Supporting Files */,
				28C14C8B1DC3B29000DBB6B3 /* DeviceTableViewCell.h */,
				28C14C8C1DC3B29000DBB6B3 /* DeviceTableViewCell.m */,
			);
			path = RunScribeSampleApp;
			sourceTree = "<group>";
		};
		2883C56E1DC287180065359D /* Supporting Files */ = {
			isa = PBXGroup;
			children = (
				2883C56F1DC287180065359D /* main.m */,
			);
			name = "Supporting Files";
			sourceTree = "<group>";
		};
		2883C58A1DC288560065359D /* Frameworks */ = {
			isa = PBXGroup;
			children = (
				2883C5881DC2884E0065359D /* RunScribeSDK.framework */,
			);
			name = Frameworks;
			sourceTree = "<group>";
		};
		7A5FDDFE8566568481C63013 /* Pods */ = {
			isa = PBXGroup;
			children = (
				B4DC3ED047CB44DE320B3B76 /* Pods-RunScribeSampleApp.debug.xcconfig */,
				85038ECCBE491398BD0AC84A /* Pods-RunScribeSampleApp.release.xcconfig */,
			);
			name = Pods;
			sourceTree = "<group>";
		};
		993B2D489E44ED3F57436CE3 /* Frameworks */ = {
			isa = PBXGroup;
			children = (
				3049FCAFEF436BE5BCA1B61D /* Pods_RunScribeSampleApp.framework */,
			);
			name = Frameworks;
			sourceTree = "<group>";
		};
/* End PBXGroup section */

/* Begin PBXNativeTarget section */
		2883C56A1DC287170065359D /* RunScribeSampleApp */ = {
			isa = PBXNativeTarget;
			buildConfigurationList = 2883C5851DC287180065359D /* Build configuration list for PBXNativeTarget "RunScribeSampleApp" */;
			buildPhases = (
				38E3B50AAC32CB9ADD7DC880 /* [CP] Check Pods Manifest.lock */,
				2883C5671DC287170065359D /* Sources */,
				2883C5681DC287170065359D /* Frameworks */,
				2883C5691DC287170065359D /* Resources */,
				2883C58D1DC2887A0065359D /* Embed Frameworks */,
				75A514BB9588764D1E23D903 /* [CP] Embed Pods Frameworks */,
				F2A5FC8739C6AF831BA30262 /* [CP] Copy Pods Resources */,
			);
			buildRules = (
			);
			dependencies = (
			);
			name = RunScribeSampleApp;
			productName = RunScribeSampleApp;
			productReference = 2883C56B1DC287180065359D /* RunScribeSampleApp.app */;
			productType = "com.apple.product-type.application";
		};
/* End PBXNativeTarget section */

/* Begin PBXProject section */
		2883C5631DC287170065359D /* Project object */ = {
			isa = PBXProject;
			attributes = {
				LastUpgradeCheck = 0800;
				ORGANIZATIONNAME = RunScribe;
				TargetAttributes = {
					2883C56A1DC287170065359D = {
						CreatedOnToolsVersion = 8.0;
						DevelopmentTeam = UP7V4ZZF9D;
						ProvisioningStyle = Automatic;
					};
				};
			};
			buildConfigurationList = 2883C5661DC287170065359D /* Build configuration list for PBXProject "RunScribeSampleApp" */;
			compatibilityVersion = "Xcode 3.2";
			developmentRegion = English;
			hasScannedForEncodings = 0;
			knownRegions = (
				en,
				Base,
			);
			mainGroup = 2883C5621DC287170065359D;
			productRefGroup = 2883C56C1DC287180065359D /* Products */;
			projectDirPath = "";
			projectRoot = "";
			targets = (
				2883C56A1DC287170065359D /* RunScribeSampleApp */,
			);
		};
/* End PBXProject section */

/* Begin PBXResourcesBuildPhase section */
		2883C5691DC287170065359D /* Resources */ = {
			isa = PBXResourcesBuildPhase;
			buildActionMask = 2147483647;
			files = (
				2883C5811DC287180065359D /* LaunchScreen.storyboard in Resources */,
				2883C57E1DC287180065359D /* Assets.xcassets in Resources */,
				2883C5791DC287180065359D /* Main.storyboard in Resources */,
			);
			runOnlyForDeploymentPostprocessing = 0;
		};
/* End PBXResourcesBuildPhase section */

/* Begin PBXShellScriptBuildPhase section */
		38E3B50AAC32CB9ADD7DC880 /* [CP] Check Pods Manifest.lock */ = {
			isa = PBXShellScriptBuildPhase;
			buildActionMask = 2147483647;
			files = (
			);
			inputPaths = (
			);
			name = "[CP] Check Pods Manifest.lock";
			outputPaths = (
			);
			runOnlyForDeploymentPostprocessing = 0;
			shellPath = /bin/sh;
			shellScript = "diff \"${PODS_ROOT}/../Podfile.lock\" \"${PODS_ROOT}/Manifest.lock\" > /dev/null\nif [[ $? != 0 ]] ; then\n    cat << EOM\nerror: The sandbox is not in sync with the Podfile.lock. Run 'pod install' or update your CocoaPods installation.\nEOM\n    exit 1\nfi\n";
			showEnvVarsInLog = 0;
		};
		75A514BB9588764D1E23D903 /* [CP] Embed Pods Frameworks */ = {
			isa = PBXShellScriptBuildPhase;
			buildActionMask = 2147483647;
			files = (
			);
			inputPaths = (
			);
			name = "[CP] Embed Pods Frameworks";
			outputPaths = (
			);
			runOnlyForDeploymentPostprocessing = 0;
			shellPath = /bin/sh;
			shellScript = "\"${SRCROOT}/Pods/Target Support Files/Pods-RunScribeSampleApp/Pods-RunScribeSampleApp-frameworks.sh\"\n";
			showEnvVarsInLog = 0;
		};
		F2A5FC8739C6AF831BA30262 /* [CP] Copy Pods Resources */ = {
			isa = PBXShellScriptBuildPhase;
			buildActionMask = 2147483647;
			files = (
			);
			inputPaths = (
			);
			name = "[CP] Copy Pods Resources";
			outputPaths = (
			);
			runOnlyForDeploymentPostprocessing = 0;
			shellPath = /bin/sh;
			shellScript = "\"${SRCROOT}/Pods/Target Support Files/Pods-RunScribeSampleApp/Pods-RunScribeSampleApp-resources.sh\"\n";
			showEnvVarsInLog = 0;
		};
/* End PBXShellScriptBuildPhase section */

/* Begin PBXSourcesBuildPhase section */
		2883C5671DC287170065359D /* Sources */ = {
			isa = PBXSourcesBuildPhase;
			buildActionMask = 2147483647;
			files = (
				2883C5761DC287180065359D /* MainViewController.m in Sources */,
				28C14C8D1DC3B29000DBB6B3 /* DeviceTableViewCell.m in Sources */,
				2883C5731DC287180065359D /* AppDelegate.m in Sources */,
				2883C5701DC287180065359D /* main.m in Sources */,
				2883C57C1DC287180065359D /* RunScribeSampleApp.xcdatamodeld in Sources */,
			);
			runOnlyForDeploymentPostprocessing = 0;
		};
/* End PBXSourcesBuildPhase section */

/* Begin PBXVariantGroup section */
		2883C5771DC287180065359D /* Main.storyboard */ = {
			isa = PBXVariantGroup;
			children = (
				2883C5781DC287180065359D /* Base */,
			);
			name = Main.storyboard;
			sourceTree = "<group>";
		};
		2883C57F1DC287180065359D /* LaunchScreen.storyboard */ = {
			isa = PBXVariantGroup;
			children = (
				2883C5801DC287180065359D /* Base */,
			);
			name = LaunchScreen.storyboard;
			sourceTree = "<group>";
		};
/* End PBXVariantGroup section */

/* Begin XCBuildConfiguration section */
		2883C5831DC287180065359D /* Debug */ = {
			isa = XCBuildConfiguration;
			buildSettings = {
				ALWAYS_SEARCH_USER_PATHS = NO;
				CLANG_ANALYZER_NONNULL = YES;
				CLANG_CXX_LANGUAGE_STANDARD = "gnu++0x";
				CLANG_CXX_LIBRARY = "libc++";
				CLANG_ENABLE_MODULES = YES;
				CLANG_ENABLE_OBJC_ARC = YES;
				CLANG_WARN_BOOL_CONVERSION = YES;
				CLANG_WARN_CONSTANT_CONVERSION = YES;
				CLANG_WARN_DIRECT_OBJC_ISA_USAGE = YES_ERROR;
				CLANG_WARN_DOCUMENTATION_COMMENTS = YES;
				CLANG_WARN_EMPTY_BODY = YES;
				CLANG_WARN_ENUM_CONVERSION = YES;
				CLANG_WARN_INFINITE_RECURSION = YES;
				CLANG_WARN_INT_CONVERSION = YES;
				CLANG_WARN_OBJC_ROOT_CLASS = YES_ERROR;
				CLANG_WARN_SUSPICIOUS_MOVES = YES;
				CLANG_WARN_UNREACHABLE_CODE = YES;
				CLANG_WARN__DUPLICATE_METHOD_MATCH = YES;
				"CODE_SIGN_IDENTITY[sdk=iphoneos*]" = "iPhone Developer";
				COPY_PHASE_STRIP = NO;
				DEBUG_INFORMATION_FORMAT = dwarf;
				ENABLE_STRICT_OBJC_MSGSEND = YES;
				ENABLE_TESTABILITY = YES;
				GCC_C_LANGUAGE_STANDARD = gnu99;
				GCC_DYNAMIC_NO_PIC = NO;
				GCC_NO_COMMON_BLOCKS = YES;
				GCC_OPTIMIZATION_LEVEL = 0;
				GCC_PREPROCESSOR_DEFINITIONS = (
					"DEBUG=1",
					"$(inherited)",
				);
				GCC_WARN_64_TO_32_BIT_CONVERSION = YES;
				GCC_WARN_ABOUT_RETURN_TYPE = YES_ERROR;
				GCC_WARN_UNDECLARED_SELECTOR = YES;
				GCC_WARN_UNINITIALIZED_AUTOS = YES_AGGRESSIVE;
				GCC_WARN_UNUSED_FUNCTION = YES;
				GCC_WARN_UNUSED_VARIABLE = YES;
				IPHONEOS_DEPLOYMENT_TARGET = 10.0;
				MTL_ENABLE_DEBUG_INFO = YES;
				ONLY_ACTIVE_ARCH = YES;
				SDKROOT = iphoneos;
				TARGETED_DEVICE_FAMILY = "1,2";
			};
			name = Debug;
		};
		2883C5841DC287180065359D /* Release */ = {
			isa = XCBuildConfiguration;
			buildSettings = {
				ALWAYS_SEARCH_USER_PATHS = NO;
				CLANG_ANALYZER_NONNULL = YES;
				CLANG_CXX_LANGUAGE_STANDARD = "gnu++0x";
				CLANG_CXX_LIBRARY = "libc++";
				CLANG_ENABLE_MODULES = YES;
				CLANG_ENABLE_OBJC_ARC = YES;
				CLANG_WARN_BOOL_CONVERSION = YES;
				CLANG_WARN_CONSTANT_CONVERSION = YES;
				CLANG_WARN_DIRECT_OBJC_ISA_USAGE = YES_ERROR;
				CLANG_WARN_DOCUMENTATION_COMMENTS = YES;
				CLANG_WARN_EMPTY_BODY = YES;
				CLANG_WARN_ENUM_CONVERSION = YES;
				CLANG_WARN_INFINITE_RECURSION = YES;
				CLANG_WARN_INT_CONVERSION = YES;
				CLANG_WARN_OBJC_ROOT_CLASS = YES_ERROR;
				CLANG_WARN_SUSPICIOUS_MOVES = YES;
				CLANG_WARN_UNREACHABLE_CODE = YES;
				CLANG_WARN__DUPLICATE_METHOD_MATCH = YES;
				"CODE_SIGN_IDENTITY[sdk=iphoneos*]" = "iPhone Developer";
				COPY_PHASE_STRIP = NO;
				DEBUG_INFORMATION_FORMAT = "dwarf-with-dsym";
				ENABLE_NS_ASSERTIONS = NO;
				ENABLE_STRICT_OBJC_MSGSEND = YES;
				GCC_C_LANGUAGE_STANDARD = gnu99;
				GCC_NO_COMMON_BLOCKS = YES;
				GCC_WARN_64_TO_32_BIT_CONVERSION = YES;
				GCC_WARN_ABOUT_RETURN_TYPE = YES_ERROR;
				GCC_WARN_UNDECLARED_SELECTOR = YES;
				GCC_WARN_UNINITIALIZED_AUTOS = YES_AGGRESSIVE;
				GCC_WARN_UNUSED_FUNCTION = YES;
				GCC_WARN_UNUSED_VARIABLE = YES;
				IPHONEOS_DEPLOYMENT_TARGET = 10.0;
				MTL_ENABLE_DEBUG_INFO = NO;
				SDKROOT = iphoneos;
				TARGETED_DEVICE_FAMILY = "1,2";
				VALIDATE_PRODUCT = YES;
			};
			name = Release;
		};
		2883C5861DC287180065359D /* Debug */ = {
			isa = XCBuildConfiguration;
			baseConfigurationReference = B4DC3ED047CB44DE320B3B76 /* Pods-RunScribeSampleApp.debug.xcconfig */;
			buildSettings = {
				ASSETCATALOG_COMPILER_APPICON_NAME = AppIcon;
				DEVELOPMENT_TEAM = UP7V4ZZF9D;
				FRAMEWORK_SEARCH_PATHS = (
					"$(inherited)",
					"$(PROJECT_DIR)/RunScribeSampleApp",
				);
				HEADER_SEARCH_PATHS = "$(PROJECT_DIR)/$(PROJECT)/RunScribeSDK.framework/Headers";
				INFOPLIST_FILE = RunScribeSampleApp/Info.plist;
				LD_RUNPATH_SEARCH_PATHS = "$(inherited) @executable_path/Frameworks";
				PRODUCT_BUNDLE_IDENTIFIER = com.runScribe.RunScribeSampleApp;
				PRODUCT_NAME = "$(TARGET_NAME)";
			};
			name = Debug;
		};
		2883C5871DC287180065359D /* Release */ = {
			isa = XCBuildConfiguration;
			baseConfigurationReference = 85038ECCBE491398BD0AC84A /* Pods-RunScribeSampleApp.release.xcconfig */;
			buildSettings = {
				ASSETCATALOG_COMPILER_APPICON_NAME = AppIcon;
				DEVELOPMENT_TEAM = UP7V4ZZF9D;
				FRAMEWORK_SEARCH_PATHS = (
					"$(inherited)",
					"$(PROJECT_DIR)/RunScribeSampleApp",
				);
				HEADER_SEARCH_PATHS = "$(PROJECT_DIR)/$(PROJECT)/RunScribeSDK.framework/Headers";
				INFOPLIST_FILE = RunScribeSampleApp/Info.plist;
				LD_RUNPATH_SEARCH_PATHS = "$(inherited) @executable_path/Frameworks";
				PRODUCT_BUNDLE_IDENTIFIER = com.runScribe.RunScribeSampleApp;
				PRODUCT_NAME = "$(TARGET_NAME)";
			};
			name = Release;
		};
/* End XCBuildConfiguration section */

/* Begin XCConfigurationList section */
		2883C5661DC287170065359D /* Build configuration list for PBXProject "RunScribeSampleApp" */ = {
			isa = XCConfigurationList;
			buildConfigurations = (
				2883C5831DC287180065359D /* Debug */,
				2883C5841DC287180065359D /* Release */,
			);
			defaultConfigurationIsVisible = 0;
			defaultConfigurationName = Release;
		};
		2883C5851DC287180065359D /* Build configuration list for PBXNativeTarget "RunScribeSampleApp" */ = {
			isa = XCConfigurationList;
			buildConfigurations = (
				2883C5861DC287180065359D /* Debug */,
				2883C5871DC287180065359D /* Release */,
			);
			defaultConfigurationIsVisible = 0;
			defaultConfigurationName = Release;
		};
/* End XCConfigurationList section */

/* Begin XCVersionGroup section */
		2883C57A1DC287180065359D /* RunScribeSampleApp.xcdatamodeld */ = {
			isa = XCVersionGroup;
			children = (
				2883C57B1DC287180065359D /* RunScribeSampleApp.xcdatamodel */,
			);
			currentVersion = 2883C57B1DC287180065359D /* RunScribeSampleApp.xcdatamodel */;
			path = RunScribeSampleApp.xcdatamodeld;
			sourceTree = "<group>";
			versionGroupType = wrapper.xcdatamodel;
		};
/* End XCVersionGroup section */
	};
	rootObject = 2883C5631DC287170065359D /* Project object */;
}
