// !$*UTF8*$!
{
	archiveVersion = 1;
	classes = {
	};
	objectVersion = 46;
	objects = {

/* Begin PBXBuildFile section */
		280CCE411DD356A80094EA0D /* RSConfiguration.m in Sources */ = {isa = PBXBuildFile; fileRef = 280CCE401DD356A80094EA0D /* RSConfiguration.m */; };
		280CCE4B1DD37ACD0094EA0D /* RSDeviceFilesViewController.m in Sources */ = {isa = PBXBuildFile; fileRef = 280CCE4A1DD37ACD0094EA0D /* RSDeviceFilesViewController.m */; };
		280D02B71DC4D06500AA8533 /* RSMainViewController.m in Sources */ = {isa = PBXBuildFile; fileRef = 280D02B61DC4D06500AA8533 /* RSMainViewController.m */; };
		280D02BA1DC4D0EA00AA8533 /* RSDeviceTableViewCell.m in Sources */ = {isa = PBXBuildFile; fileRef = 280D02B91DC4D0EA00AA8533 /* RSDeviceTableViewCell.m */; };
		282802681DD2240E00EB6826 /* RSDeviceRequestsHelper.m in Sources */ = {isa = PBXBuildFile; fileRef = 282802671DD2240E00EB6826 /* RSDeviceRequestsHelper.m */; };
		283636A01DDB34C300003D7C /* RSSensorSample.m in Sources */ = {isa = PBXBuildFile; fileRef = 2836369F1DDB34C300003D7C /* RSSensorSample.m */; };
		28413CD01DD5D25500932C38 /* RSDeviceMotionViewController.m in Sources */ = {isa = PBXBuildFile; fileRef = 28413CCF1DD5D25500932C38 /* RSDeviceMotionViewController.m */; };
		284626A21DC8FA4E00BF7E1F /* RSDeviceStatusViewController.m in Sources */ = {isa = PBXBuildFile; fileRef = 284626A11DC8FA4E00BF7E1F /* RSDeviceStatusViewController.m */; };
		2869AD651DDE6EB5006497F3 /* GLGravityView.m in Sources */ = {isa = PBXBuildFile; fileRef = 2869AD641DDE6EB5006497F3 /* GLGravityView.m */; };
		2883C5701DC287180065359D /* main.m in Sources */ = {isa = PBXBuildFile; fileRef = 2883C56F1DC287180065359D /* main.m */; };
		2883C5731DC287180065359D /* AppDelegate.m in Sources */ = {isa = PBXBuildFile; fileRef = 2883C5721DC287180065359D /* AppDelegate.m */; };
		2883C5791DC287180065359D /* Main.storyboard in Resources */ = {isa = PBXBuildFile; fileRef = 2883C5771DC287180065359D /* Main.storyboard */; };
		2883C57E1DC287180065359D /* Assets.xcassets in Resources */ = {isa = PBXBuildFile; fileRef = 2883C57D1DC287180065359D /* Assets.xcassets */; };
		2883C5811DC287180065359D /* LaunchScreen.storyboard in Resources */ = {isa = PBXBuildFile; fileRef = 2883C57F1DC287180065359D /* LaunchScreen.storyboard */; };
		28C35F041DDDE8710087DBF7 /* ScribeSDK.framework in Frameworks */ = {isa = PBXBuildFile; fileRef = 28C35F021DDDE8580087DBF7 /* ScribeSDK.framework */; };
		28C35F051DDDE8710087DBF7 /* ScribeSDK.framework in Embed Frameworks */ = {isa = PBXBuildFile; fileRef = 28C35F021DDDE8580087DBF7 /* ScribeSDK.framework */; settings = {ATTRIBUTES = (CodeSignOnCopy, RemoveHeadersOnCopy, ); }; };
		28D40ADD1DDC402F0099E063 /* RSCoreXYZGraph.m in Sources */ = {isa = PBXBuildFile; fileRef = 28D40ADC1DDC402F0099E063 /* RSCoreXYZGraph.m */; };
		28E7D6501DD4A49A0065F587 /* RSDeviceFileDetailsViewController.m in Sources */ = {isa = PBXBuildFile; fileRef = 28E7D64F1DD4A49A0065F587 /* RSDeviceFileDetailsViewController.m */; };
		28ED46C71DC9FEA80018218A /* RSDeviceConfigViewController.m in Sources */ = {isa = PBXBuildFile; fileRef = 28ED46C61DC9FEA80018218A /* RSDeviceConfigViewController.m */; };
		28ED46CA1DCA019C0018218A /* RSBaseModalViewController.m in Sources */ = {isa = PBXBuildFile; fileRef = 28ED46C91DCA019C0018218A /* RSBaseModalViewController.m */; };
		28F8A3BE1DC75B2000843D24 /* RSAppLogging.m in Sources */ = {isa = PBXBuildFile; fileRef = 28F8A3BD1DC75B2000843D24 /* RSAppLogging.m */; };
		A75E0F86CB90137771562F1E /* Pods_ScribeApp.framework in Frameworks */ = {isa = PBXBuildFile; fileRef = 491DB715D3F776027EF81C43 /* Pods_ScribeApp.framework */; };
/* End PBXBuildFile section */

/* Begin PBXCopyFilesBuildPhase section */
		28C35F061DDDE8710087DBF7 /* Embed Frameworks */ = {
			isa = PBXCopyFilesBuildPhase;
			buildActionMask = 2147483647;
			dstPath = "";
			dstSubfolderSpec = 10;
			files = (
				28C35F051DDDE8710087DBF7 /* ScribeSDK.framework in Embed Frameworks */,
			);
			name = "Embed Frameworks";
			runOnlyForDeploymentPostprocessing = 0;
		};
/* End PBXCopyFilesBuildPhase section */

/* Begin PBXFileReference section */
		280CCE3F1DD356A80094EA0D /* RSConfiguration.h */ = {isa = PBXFileReference; fileEncoding = 4; lastKnownFileType = sourcecode.c.h; name = RSConfiguration.h; path = Models/RSConfiguration.h; sourceTree = "<group>"; };
		280CCE401DD356A80094EA0D /* RSConfiguration.m */ = {isa = PBXFileReference; fileEncoding = 4; lastKnownFileType = sourcecode.c.objc; name = RSConfiguration.m; path = Models/RSConfiguration.m; sourceTree = "<group>"; };
		280CCE491DD37ACD0094EA0D /* RSDeviceFilesViewController.h */ = {isa = PBXFileReference; fileEncoding = 4; lastKnownFileType = sourcecode.c.h; name = RSDeviceFilesViewController.h; path = UI/DeviceFiles/RSDeviceFilesViewController.h; sourceTree = "<group>"; };
		280CCE4A1DD37ACD0094EA0D /* RSDeviceFilesViewController.m */ = {isa = PBXFileReference; fileEncoding = 4; lastKnownFileType = sourcecode.c.objc; name = RSDeviceFilesViewController.m; path = UI/DeviceFiles/RSDeviceFilesViewController.m; sourceTree = "<group>"; };
		280D02B51DC4D06500AA8533 /* RSMainViewController.h */ = {isa = PBXFileReference; fileEncoding = 4; lastKnownFileType = sourcecode.c.h; name = RSMainViewController.h; path = UI/Main/RSMainViewController.h; sourceTree = "<group>"; };
		280D02B61DC4D06500AA8533 /* RSMainViewController.m */ = {isa = PBXFileReference; fileEncoding = 4; lastKnownFileType = sourcecode.c.objc; name = RSMainViewController.m; path = UI/Main/RSMainViewController.m; sourceTree = "<group>"; };
		280D02B81DC4D0EA00AA8533 /* RSDeviceTableViewCell.h */ = {isa = PBXFileReference; fileEncoding = 4; lastKnownFileType = sourcecode.c.h; name = RSDeviceTableViewCell.h; path = UI/Main/RSDeviceTableViewCell.h; sourceTree = "<group>"; };
		280D02B91DC4D0EA00AA8533 /* RSDeviceTableViewCell.m */ = {isa = PBXFileReference; fileEncoding = 4; lastKnownFileType = sourcecode.c.objc; name = RSDeviceTableViewCell.m; path = UI/Main/RSDeviceTableViewCell.m; sourceTree = "<group>"; };
		282802661DD2240E00EB6826 /* RSDeviceRequestsHelper.h */ = {isa = PBXFileReference; fileEncoding = 4; lastKnownFileType = sourcecode.c.h; path = RSDeviceRequestsHelper.h; sourceTree = "<group>"; };
		282802671DD2240E00EB6826 /* RSDeviceRequestsHelper.m */ = {isa = PBXFileReference; fileEncoding = 4; lastKnownFileType = sourcecode.c.objc; path = RSDeviceRequestsHelper.m; sourceTree = "<group>"; };
		2836369E1DDB34C300003D7C /* RSSensorSample.h */ = {isa = PBXFileReference; fileEncoding = 4; lastKnownFileType = sourcecode.c.h; name = RSSensorSample.h; path = Models/RSSensorSample.h; sourceTree = "<group>"; };
		2836369F1DDB34C300003D7C /* RSSensorSample.m */ = {isa = PBXFileReference; fileEncoding = 4; lastKnownFileType = sourcecode.c.objc; name = RSSensorSample.m; path = Models/RSSensorSample.m; sourceTree = "<group>"; };
		28413CCE1DD5D25500932C38 /* RSDeviceMotionViewController.h */ = {isa = PBXFileReference; fileEncoding = 4; lastKnownFileType = sourcecode.c.h; name = RSDeviceMotionViewController.h; path = UI/DeviceMotion/RSDeviceMotionViewController.h; sourceTree = "<group>"; };
		28413CCF1DD5D25500932C38 /* RSDeviceMotionViewController.m */ = {isa = PBXFileReference; fileEncoding = 4; lastKnownFileType = sourcecode.c.objc; name = RSDeviceMotionViewController.m; path = UI/DeviceMotion/RSDeviceMotionViewController.m; sourceTree = "<group>"; };
		2842A3E01DE1A1BE004731C3 /* teapot.h */ = {isa = PBXFileReference; fileEncoding = 4; lastKnownFileType = sourcecode.c.h; name = teapot.h; path = Models/teapot.h; sourceTree = "<group>"; };
		284626A01DC8FA4E00BF7E1F /* RSDeviceStatusViewController.h */ = {isa = PBXFileReference; fileEncoding = 4; lastKnownFileType = sourcecode.c.h; name = RSDeviceStatusViewController.h; path = UI/DeviceStatus/RSDeviceStatusViewController.h; sourceTree = "<group>"; };
		284626A11DC8FA4E00BF7E1F /* RSDeviceStatusViewController.m */ = {isa = PBXFileReference; fileEncoding = 4; lastKnownFileType = sourcecode.c.objc; name = RSDeviceStatusViewController.m; path = UI/DeviceStatus/RSDeviceStatusViewController.m; sourceTree = "<group>"; };
		2869AD631DDE6EB5006497F3 /* GLGravityView.h */ = {isa = PBXFileReference; fileEncoding = 4; lastKnownFileType = sourcecode.c.h; name = GLGravityView.h; path = UI/DeviceMotion/GLGravityView.h; sourceTree = "<group>"; };
		2869AD641DDE6EB5006497F3 /* GLGravityView.m */ = {isa = PBXFileReference; fileEncoding = 4; lastKnownFileType = sourcecode.c.objc; name = GLGravityView.m; path = UI/DeviceMotion/GLGravityView.m; sourceTree = "<group>"; };
		2883C56B1DC287180065359D /* ScribeApp.app */ = {isa = PBXFileReference; explicitFileType = wrapper.application; includeInIndex = 0; path = ScribeApp.app; sourceTree = BUILT_PRODUCTS_DIR; };
		2883C56F1DC287180065359D /* main.m */ = {isa = PBXFileReference; lastKnownFileType = sourcecode.c.objc; path = main.m; sourceTree = "<group>"; };
		2883C5711DC287180065359D /* AppDelegate.h */ = {isa = PBXFileReference; lastKnownFileType = sourcecode.c.h; path = AppDelegate.h; sourceTree = "<group>"; };
		2883C5721DC287180065359D /* AppDelegate.m */ = {isa = PBXFileReference; lastKnownFileType = sourcecode.c.objc; path = AppDelegate.m; sourceTree = "<group>"; };
		2883C5781DC287180065359D /* Base */ = {isa = PBXFileReference; lastKnownFileType = file.storyboard; name = Base; path = Base.lproj/Main.storyboard; sourceTree = "<group>"; };
		2883C57D1DC287180065359D /* Assets.xcassets */ = {isa = PBXFileReference; lastKnownFileType = folder.assetcatalog; path = Assets.xcassets; sourceTree = "<group>"; };
		2883C5801DC287180065359D /* Base */ = {isa = PBXFileReference; lastKnownFileType = file.storyboard; name = Base; path = Base.lproj/LaunchScreen.storyboard; sourceTree = "<group>"; };
		2883C5821DC287180065359D /* Info.plist */ = {isa = PBXFileReference; lastKnownFileType = text.plist.xml; path = Info.plist; sourceTree = "<group>"; };
		28C35F021DDDE8580087DBF7 /* ScribeSDK.framework */ = {isa = PBXFileReference; lastKnownFileType = wrapper.framework; path = ScribeSDK.framework; sourceTree = "<group>"; };
		28D40ADB1DDC402F0099E063 /* RSCoreXYZGraph.h */ = {isa = PBXFileReference; fileEncoding = 4; lastKnownFileType = sourcecode.c.h; name = RSCoreXYZGraph.h; path = UI/DeviceMotion/RSCoreXYZGraph.h; sourceTree = "<group>"; };
		28D40ADC1DDC402F0099E063 /* RSCoreXYZGraph.m */ = {isa = PBXFileReference; fileEncoding = 4; lastKnownFileType = sourcecode.c.objc; name = RSCoreXYZGraph.m; path = UI/DeviceMotion/RSCoreXYZGraph.m; sourceTree = "<group>"; };
		28E7D64E1DD4A49A0065F587 /* RSDeviceFileDetailsViewController.h */ = {isa = PBXFileReference; fileEncoding = 4; lastKnownFileType = sourcecode.c.h; name = RSDeviceFileDetailsViewController.h; path = UI/DeviceFiles/RSDeviceFileDetailsViewController.h; sourceTree = "<group>"; };
		28E7D64F1DD4A49A0065F587 /* RSDeviceFileDetailsViewController.m */ = {isa = PBXFileReference; fileEncoding = 4; lastKnownFileType = sourcecode.c.objc; name = RSDeviceFileDetailsViewController.m; path = UI/DeviceFiles/RSDeviceFileDetailsViewController.m; sourceTree = "<group>"; };
		28ED46C51DC9FEA80018218A /* RSDeviceConfigViewController.h */ = {isa = PBXFileReference; fileEncoding = 4; lastKnownFileType = sourcecode.c.h; name = RSDeviceConfigViewController.h; path = UI/DeviceConfig/RSDeviceConfigViewController.h; sourceTree = "<group>"; };
		28ED46C61DC9FEA80018218A /* RSDeviceConfigViewController.m */ = {isa = PBXFileReference; fileEncoding = 4; lastKnownFileType = sourcecode.c.objc; name = RSDeviceConfigViewController.m; path = UI/DeviceConfig/RSDeviceConfigViewController.m; sourceTree = "<group>"; };
		28ED46C81DCA019C0018218A /* RSBaseModalViewController.h */ = {isa = PBXFileReference; fileEncoding = 4; lastKnownFileType = sourcecode.c.h; name = RSBaseModalViewController.h; path = UI/RSBaseModalViewController.h; sourceTree = "<group>"; };
		28ED46C91DCA019C0018218A /* RSBaseModalViewController.m */ = {isa = PBXFileReference; fileEncoding = 4; lastKnownFileType = sourcecode.c.objc; name = RSBaseModalViewController.m; path = UI/RSBaseModalViewController.m; sourceTree = "<group>"; };
		28F8A3BC1DC75B2000843D24 /* RSAppLogging.h */ = {isa = PBXFileReference; fileEncoding = 4; lastKnownFileType = sourcecode.c.h; path = RSAppLogging.h; sourceTree = "<group>"; };
		28F8A3BD1DC75B2000843D24 /* RSAppLogging.m */ = {isa = PBXFileReference; fileEncoding = 4; lastKnownFileType = sourcecode.c.objc; path = RSAppLogging.m; sourceTree = "<group>"; };
		372192DA9024B379F3C08290 /* Pods-ScribeApp.release.xcconfig */ = {isa = PBXFileReference; includeInIndex = 1; lastKnownFileType = text.xcconfig; name = "Pods-ScribeApp.release.xcconfig"; path = "Pods/Target Support Files/Pods-ScribeApp/Pods-ScribeApp.release.xcconfig"; sourceTree = "<group>"; };
		491DB715D3F776027EF81C43 /* Pods_ScribeApp.framework */ = {isa = PBXFileReference; explicitFileType = wrapper.framework; includeInIndex = 0; path = Pods_ScribeApp.framework; sourceTree = BUILT_PRODUCTS_DIR; };
		A7F21C843DA332873F3BFFE1 /* Pods-ScribeApp.debug.xcconfig */ = {isa = PBXFileReference; includeInIndex = 1; lastKnownFileType = text.xcconfig; name = "Pods-ScribeApp.debug.xcconfig"; path = "Pods/Target Support Files/Pods-ScribeApp/Pods-ScribeApp.debug.xcconfig"; sourceTree = "<group>"; };
/* End PBXFileReference section */

/* Begin PBXFrameworksBuildPhase section */
		2883C5681DC287170065359D /* Frameworks */ = {
			isa = PBXFrameworksBuildPhase;
			buildActionMask = 2147483647;
			files = (
				28C35F041DDDE8710087DBF7 /* ScribeSDK.framework in Frameworks */,
				A75E0F86CB90137771562F1E /* Pods_ScribeApp.framework in Frameworks */,
			);
			runOnlyForDeploymentPostprocessing = 0;
		};
/* End PBXFrameworksBuildPhase section */

/* Begin PBXGroup section */
		280CCE3E1DD3567C0094EA0D /* Models */ = {
			isa = PBXGroup;
			children = (
				2842A3E01DE1A1BE004731C3 /* teapot.h */,
				280CCE3F1DD356A80094EA0D /* RSConfiguration.h */,
				280CCE401DD356A80094EA0D /* RSConfiguration.m */,
				2836369E1DDB34C300003D7C /* RSSensorSample.h */,
				2836369F1DDB34C300003D7C /* RSSensorSample.m */,
			);
			name = Models;
			sourceTree = "<group>";
		};
		280CCE421DD372220094EA0D /* DeviceFiles */ = {
			isa = PBXGroup;
			children = (
				280CCE491DD37ACD0094EA0D /* RSDeviceFilesViewController.h */,
				280CCE4A1DD37ACD0094EA0D /* RSDeviceFilesViewController.m */,
				28E7D64E1DD4A49A0065F587 /* RSDeviceFileDetailsViewController.h */,
				28E7D64F1DD4A49A0065F587 /* RSDeviceFileDetailsViewController.m */,
			);
			name = DeviceFiles;
			sourceTree = "<group>";
		};
		280D02B31DC4CB4500AA8533 /* UI */ = {
			isa = PBXGroup;
			children = (
				28ED46C41DC9FE730018218A /* DeviceConfig */,
				280CCE421DD372220094EA0D /* DeviceFiles */,
				28413CCD1DD5D1F400932C38 /* DeviceMotion */,
				2846269F1DC8FA4100BF7E1F /* DeviceStatus */,
				280D02B41DC4CDF300AA8533 /* Main */,
				2883C5771DC287180065359D /* Main.storyboard */,
				2883C57F1DC287180065359D /* LaunchScreen.storyboard */,
				28ED46C81DCA019C0018218A /* RSBaseModalViewController.h */,
				28ED46C91DCA019C0018218A /* RSBaseModalViewController.m */,
			);
			name = UI;
			sourceTree = "<group>";
		};
		280D02B41DC4CDF300AA8533 /* Main */ = {
			isa = PBXGroup;
			children = (
				280D02B81DC4D0EA00AA8533 /* RSDeviceTableViewCell.h */,
				280D02B91DC4D0EA00AA8533 /* RSDeviceTableViewCell.m */,
				280D02B51DC4D06500AA8533 /* RSMainViewController.h */,
				280D02B61DC4D06500AA8533 /* RSMainViewController.m */,
			);
			name = Main;
			sourceTree = "<group>";
		};
		28413CCD1DD5D1F400932C38 /* DeviceMotion */ = {
			isa = PBXGroup;
			children = (
				2869AD631DDE6EB5006497F3 /* GLGravityView.h */,
				2869AD641DDE6EB5006497F3 /* GLGravityView.m */,
				28413CCE1DD5D25500932C38 /* RSDeviceMotionViewController.h */,
				28413CCF1DD5D25500932C38 /* RSDeviceMotionViewController.m */,
				28D40ADB1DDC402F0099E063 /* RSCoreXYZGraph.h */,
				28D40ADC1DDC402F0099E063 /* RSCoreXYZGraph.m */,
			);
			name = DeviceMotion;
			sourceTree = "<group>";
		};
		2846269F1DC8FA4100BF7E1F /* DeviceStatus */ = {
			isa = PBXGroup;
			children = (
				284626A01DC8FA4E00BF7E1F /* RSDeviceStatusViewController.h */,
				284626A11DC8FA4E00BF7E1F /* RSDeviceStatusViewController.m */,
			);
			name = DeviceStatus;
			sourceTree = "<group>";
		};
		2883C5621DC287170065359D = {
			isa = PBXGroup;
			children = (
				2883C56D1DC287180065359D /* ScribeApp */,
				2883C56C1DC287180065359D /* Products */,
				FD13B7E6911371125A755453 /* Pods */,
				B21AA0693E88835304DC4577 /* Frameworks */,
			);
			sourceTree = "<group>";
		};
		2883C56C1DC287180065359D /* Products */ = {
			isa = PBXGroup;
			children = (
				2883C56B1DC287180065359D /* ScribeApp.app */,
			);
			name = Products;
			sourceTree = "<group>";
		};
		2883C56D1DC287180065359D /* ScribeApp */ = {
			isa = PBXGroup;
			children = (
				280CCE3E1DD3567C0094EA0D /* Models */,
				280D02B31DC4CB4500AA8533 /* UI */,
				2883C58A1DC288560065359D /* Frameworks */,
				28F8A3BC1DC75B2000843D24 /* RSAppLogging.h */,
				28F8A3BD1DC75B2000843D24 /* RSAppLogging.m */,
				2883C5711DC287180065359D /* AppDelegate.h */,
				2883C5721DC287180065359D /* AppDelegate.m */,
				282802661DD2240E00EB6826 /* RSDeviceRequestsHelper.h */,
				282802671DD2240E00EB6826 /* RSDeviceRequestsHelper.m */,
				2883C57D1DC287180065359D /* Assets.xcassets */,
				2883C5821DC287180065359D /* Info.plist */,
				2883C56E1DC287180065359D /* Supporting Files */,
			);
			path = ScribeApp;
			sourceTree = "<group>";
		};
		2883C56E1DC287180065359D /* Supporting Files */ = {
			isa = PBXGroup;
			children = (
				2883C56F1DC287180065359D /* main.m */,
			);
			name = "Supporting Files";
			sourceTree = "<group>";
		};
		2883C58A1DC288560065359D /* Frameworks */ = {
			isa = PBXGroup;
			children = (
				28C35F021DDDE8580087DBF7 /* ScribeSDK.framework */,
			);
			name = Frameworks;
			sourceTree = "<group>";
		};
		28ED46C41DC9FE730018218A /* DeviceConfig */ = {
			isa = PBXGroup;
			children = (
				28ED46C51DC9FEA80018218A /* RSDeviceConfigViewController.h */,
				28ED46C61DC9FEA80018218A /* RSDeviceConfigViewController.m */,
			);
			name = DeviceConfig;
			sourceTree = "<group>";
		};
		B21AA0693E88835304DC4577 /* Frameworks */ = {
			isa = PBXGroup;
			children = (
				491DB715D3F776027EF81C43 /* Pods_ScribeApp.framework */,
			);
			name = Frameworks;
			sourceTree = "<group>";
		};
		FD13B7E6911371125A755453 /* Pods */ = {
			isa = PBXGroup;
			children = (
				A7F21C843DA332873F3BFFE1 /* Pods-ScribeApp.debug.xcconfig */,
				372192DA9024B379F3C08290 /* Pods-ScribeApp.release.xcconfig */,
			);
			name = Pods;
			sourceTree = "<group>";
		};
/* End PBXGroup section */

/* Begin PBXNativeTarget section */
		2883C56A1DC287170065359D /* ScribeApp */ = {
			isa = PBXNativeTarget;
			buildConfigurationList = 2883C5851DC287180065359D /* Build configuration list for PBXNativeTarget "ScribeApp" */;
			buildPhases = (
				5630F85C7EC4655A5FA5AE19 /* [CP] Check Pods Manifest.lock */,
				2883C5671DC287170065359D /* Sources */,
				2883C5681DC287170065359D /* Frameworks */,
				2883C5691DC287170065359D /* Resources */,
				28C35F061DDDE8710087DBF7 /* Embed Frameworks */,
				77E6371CE04D8017F4D5AF97 /* [CP] Embed Pods Frameworks */,
				1094543D72A516050168ED0A /* [CP] Copy Pods Resources */,
			);
			buildRules = (
			);
			dependencies = (
			);
			name = ScribeApp;
			productName = ScribeApp;
			productReference = 2883C56B1DC287180065359D /* ScribeApp.app */;
			productType = "com.apple.product-type.application";
		};
/* End PBXNativeTarget section */

/* Begin PBXProject section */
		2883C5631DC287170065359D /* Project object */ = {
			isa = PBXProject;
			attributes = {
				LastUpgradeCheck = 0800;
				ORGANIZATIONNAME = RunScribe;
				TargetAttributes = {
					2883C56A1DC287170065359D = {
						CreatedOnToolsVersion = 8.0;
						ProvisioningStyle = Automatic;
					};
				};
			};
			buildConfigurationList = 2883C5661DC287170065359D /* Build configuration list for PBXProject "ScribeApp" */;
			compatibilityVersion = "Xcode 3.2";
			developmentRegion = English;
			hasScannedForEncodings = 0;
			knownRegions = (
				en,
				Base,
			);
			mainGroup = 2883C5621DC287170065359D;
			productRefGroup = 2883C56C1DC287180065359D /* Products */;
			projectDirPath = "";
			projectRoot = "";
			targets = (
				2883C56A1DC287170065359D /* ScribeApp */,
			);
		};
/* End PBXProject section */

/* Begin PBXResourcesBuildPhase section */
		2883C5691DC287170065359D /* Resources */ = {
			isa = PBXResourcesBuildPhase;
			buildActionMask = 2147483647;
			files = (
				2883C5811DC287180065359D /* LaunchScreen.storyboard in Resources */,
				2883C57E1DC287180065359D /* Assets.xcassets in Resources */,
				2883C5791DC287180065359D /* Main.storyboard in Resources */,
			);
			runOnlyForDeploymentPostprocessing = 0;
		};
/* End PBXResourcesBuildPhase section */

/* Begin PBXShellScriptBuildPhase section */
		1094543D72A516050168ED0A /* [CP] Copy Pods Resources */ = {
			isa = PBXShellScriptBuildPhase;
			buildActionMask = 2147483647;
			files = (
			);
			inputPaths = (
			);
			name = "[CP] Copy Pods Resources";
			outputPaths = (
			);
			runOnlyForDeploymentPostprocessing = 0;
			shellPath = /bin/sh;
			shellScript = "\"${SRCROOT}/Pods/Target Support Files/Pods-ScribeApp/Pods-ScribeApp-resources.sh\"\n";
			showEnvVarsInLog = 0;
		};
		5630F85C7EC4655A5FA5AE19 /* [CP] Check Pods Manifest.lock */ = {
			isa = PBXShellScriptBuildPhase;
			buildActionMask = 2147483647;
			files = (
			);
			inputPaths = (
			);
			name = "[CP] Check Pods Manifest.lock";
			outputPaths = (
			);
			runOnlyForDeploymentPostprocessing = 0;
			shellPath = /bin/sh;
			shellScript = "diff \"${PODS_ROOT}/../Podfile.lock\" \"${PODS_ROOT}/Manifest.lock\" > /dev/null\nif [[ $? != 0 ]] ; then\n    cat << EOM\nerror: The sandbox is not in sync with the Podfile.lock. Run 'pod install' or update your CocoaPods installation.\nEOM\n    exit 1\nfi\n";
			showEnvVarsInLog = 0;
		};
		77E6371CE04D8017F4D5AF97 /* [CP] Embed Pods Frameworks */ = {
			isa = PBXShellScriptBuildPhase;
			buildActionMask = 2147483647;
			files = (
			);
			inputPaths = (
			);
			name = "[CP] Embed Pods Frameworks";
			outputPaths = (
			);
			runOnlyForDeploymentPostprocessing = 0;
			shellPath = /bin/sh;
			shellScript = "\"${SRCROOT}/Pods/Target Support Files/Pods-ScribeApp/Pods-ScribeApp-frameworks.sh\"\n";
			showEnvVarsInLog = 0;
		};
/* End PBXShellScriptBuildPhase section */

/* Begin PBXSourcesBuildPhase section */
		2883C5671DC287170065359D /* Sources */ = {
			isa = PBXSourcesBuildPhase;
			buildActionMask = 2147483647;
			files = (
				282802681DD2240E00EB6826 /* RSDeviceRequestsHelper.m in Sources */,
				28F8A3BE1DC75B2000843D24 /* RSAppLogging.m in Sources */,
				28ED46CA1DCA019C0018218A /* RSBaseModalViewController.m in Sources */,
				280CCE4B1DD37ACD0094EA0D /* RSDeviceFilesViewController.m in Sources */,
				280CCE411DD356A80094EA0D /* RSConfiguration.m in Sources */,
				28413CD01DD5D25500932C38 /* RSDeviceMotionViewController.m in Sources */,
				2883C5731DC287180065359D /* AppDelegate.m in Sources */,
				280D02BA1DC4D0EA00AA8533 /* RSDeviceTableViewCell.m in Sources */,
				28ED46C71DC9FEA80018218A /* RSDeviceConfigViewController.m in Sources */,
				2883C5701DC287180065359D /* main.m in Sources */,
				283636A01DDB34C300003D7C /* RSSensorSample.m in Sources */,
				284626A21DC8FA4E00BF7E1F /* RSDeviceStatusViewController.m in Sources */,
				280D02B71DC4D06500AA8533 /* RSMainViewController.m in Sources */,
				28E7D6501DD4A49A0065F587 /* RSDeviceFileDetailsViewController.m in Sources */,
				2869AD651DDE6EB5006497F3 /* GLGravityView.m in Sources */,
				28D40ADD1DDC402F0099E063 /* RSCoreXYZGraph.m in Sources */,
			);
			runOnlyForDeploymentPostprocessing = 0;
		};
/* End PBXSourcesBuildPhase section */

/* Begin PBXVariantGroup section */
		2883C5771DC287180065359D /* Main.storyboard */ = {
			isa = PBXVariantGroup;
			children = (
				2883C5781DC287180065359D /* Base */,
			);
			name = Main.storyboard;
			sourceTree = "<group>";
		};
		2883C57F1DC287180065359D /* LaunchScreen.storyboard */ = {
			isa = PBXVariantGroup;
			children = (
				2883C5801DC287180065359D /* Base */,
			);
			name = LaunchScreen.storyboard;
			sourceTree = "<group>";
		};
/* End PBXVariantGroup section */

/* Begin XCBuildConfiguration section */
		2883C5831DC287180065359D /* Debug */ = {
			isa = XCBuildConfiguration;
			buildSettings = {
				ALWAYS_SEARCH_USER_PATHS = NO;
				CLANG_ANALYZER_NONNULL = YES;
				CLANG_CXX_LANGUAGE_STANDARD = "gnu++0x";
				CLANG_CXX_LIBRARY = "libc++";
				CLANG_ENABLE_MODULES = YES;
				CLANG_ENABLE_OBJC_ARC = YES;
				CLANG_WARN_BOOL_CONVERSION = YES;
				CLANG_WARN_CONSTANT_CONVERSION = YES;
				CLANG_WARN_DIRECT_OBJC_ISA_USAGE = YES_ERROR;
				CLANG_WARN_DOCUMENTATION_COMMENTS = YES;
				CLANG_WARN_EMPTY_BODY = YES;
				CLANG_WARN_ENUM_CONVERSION = YES;
				CLANG_WARN_INFINITE_RECURSION = YES;
				CLANG_WARN_INT_CONVERSION = YES;
				CLANG_WARN_OBJC_ROOT_CLASS = YES_ERROR;
				CLANG_WARN_SUSPICIOUS_MOVES = YES;
				CLANG_WARN_UNREACHABLE_CODE = YES;
				CLANG_WARN__DUPLICATE_METHOD_MATCH = YES;
				"CODE_SIGN_IDENTITY[sdk=iphoneos*]" = "iPhone Developer";
				COPY_PHASE_STRIP = NO;
				DEBUG_INFORMATION_FORMAT = dwarf;
				ENABLE_STRICT_OBJC_MSGSEND = YES;
				ENABLE_TESTABILITY = YES;
				GCC_C_LANGUAGE_STANDARD = gnu99;
				GCC_DYNAMIC_NO_PIC = NO;
				GCC_NO_COMMON_BLOCKS = YES;
				GCC_OPTIMIZATION_LEVEL = 0;
				GCC_PREPROCESSOR_DEFINITIONS = (
					"DEBUG=1",
					"$(inherited)",
				);
				GCC_WARN_64_TO_32_BIT_CONVERSION = YES;
				GCC_WARN_ABOUT_RETURN_TYPE = YES_ERROR;
				GCC_WARN_UNDECLARED_SELECTOR = YES;
				GCC_WARN_UNINITIALIZED_AUTOS = YES_AGGRESSIVE;
				GCC_WARN_UNUSED_FUNCTION = YES;
				GCC_WARN_UNUSED_VARIABLE = YES;
				IPHONEOS_DEPLOYMENT_TARGET = 10.0;
				MTL_ENABLE_DEBUG_INFO = YES;
				ONLY_ACTIVE_ARCH = YES;
				SDKROOT = iphoneos;
				TARGETED_DEVICE_FAMILY = "1,2";
			};
			name = Debug;
		};
		2883C5841DC287180065359D /* Release */ = {
			isa = XCBuildConfiguration;
			buildSettings = {
				ALWAYS_SEARCH_USER_PATHS = NO;
				CLANG_ANALYZER_NONNULL = YES;
				CLANG_CXX_LANGUAGE_STANDARD = "gnu++0x";
				CLANG_CXX_LIBRARY = "libc++";
				CLANG_ENABLE_MODULES = YES;
				CLANG_ENABLE_OBJC_ARC = YES;
				CLANG_WARN_BOOL_CONVERSION = YES;
				CLANG_WARN_CONSTANT_CONVERSION = YES;
				CLANG_WARN_DIRECT_OBJC_ISA_USAGE = YES_ERROR;
				CLANG_WARN_DOCUMENTATION_COMMENTS = YES;
				CLANG_WARN_EMPTY_BODY = YES;
				CLANG_WARN_ENUM_CONVERSION = YES;
				CLANG_WARN_INFINITE_RECURSION = YES;
				CLANG_WARN_INT_CONVERSION = YES;
				CLANG_WARN_OBJC_ROOT_CLASS = YES_ERROR;
				CLANG_WARN_SUSPICIOUS_MOVES = YES;
				CLANG_WARN_UNREACHABLE_CODE = YES;
				CLANG_WARN__DUPLICATE_METHOD_MATCH = YES;
				"CODE_SIGN_IDENTITY[sdk=iphoneos*]" = "iPhone Developer";
				COPY_PHASE_STRIP = NO;
				DEBUG_INFORMATION_FORMAT = "dwarf-with-dsym";
				ENABLE_NS_ASSERTIONS = NO;
				ENABLE_STRICT_OBJC_MSGSEND = YES;
				GCC_C_LANGUAGE_STANDARD = gnu99;
				GCC_NO_COMMON_BLOCKS = YES;
				GCC_WARN_64_TO_32_BIT_CONVERSION = YES;
				GCC_WARN_ABOUT_RETURN_TYPE = YES_ERROR;
				GCC_WARN_UNDECLARED_SELECTOR = YES;
				GCC_WARN_UNINITIALIZED_AUTOS = YES_AGGRESSIVE;
				GCC_WARN_UNUSED_FUNCTION = YES;
				GCC_WARN_UNUSED_VARIABLE = YES;
				IPHONEOS_DEPLOYMENT_TARGET = 10.0;
				MTL_ENABLE_DEBUG_INFO = NO;
				SDKROOT = iphoneos;
				TARGETED_DEVICE_FAMILY = "1,2";
				VALIDATE_PRODUCT = YES;
			};
			name = Release;
		};
		2883C5861DC287180065359D /* Debug */ = {
			isa = XCBuildConfiguration;
			baseConfigurationReference = A7F21C843DA332873F3BFFE1 /* Pods-ScribeApp.debug.xcconfig */;
			buildSettings = {
				ALWAYS_SEARCH_USER_PATHS = NO;
				ASSETCATALOG_COMPILER_APPICON_NAME = AppIcon;
				DEVELOPMENT_TEAM = "";
				FRAMEWORK_SEARCH_PATHS = (
					"$(inherited)",
					"$(PROJECT_DIR)/ScribeApp",
				);
				HEADER_SEARCH_PATHS = "$(PROJECT_DIR)/$(PROJECT)/ScribeSDK.framework/Headers";
				INFOPLIST_FILE = ScribeApp/Info.plist;
				IPHONEOS_DEPLOYMENT_TARGET = 8.2;
				LD_RUNPATH_SEARCH_PATHS = "$(inherited) @executable_path/Frameworks";
				PRODUCT_BUNDLE_IDENTIFIER = com.scribeLabs.scribeApp;
				PRODUCT_NAME = "$(TARGET_NAME)";
			};
			name = Debug;
		};
		2883C5871DC287180065359D /* Release */ = {
			isa = XCBuildConfiguration;
			baseConfigurationReference = 372192DA9024B379F3C08290 /* Pods-ScribeApp.release.xcconfig */;
			buildSettings = {
				ALWAYS_SEARCH_USER_PATHS = NO;
				ASSETCATALOG_COMPILER_APPICON_NAME = AppIcon;
				DEVELOPMENT_TEAM = "";
				FRAMEWORK_SEARCH_PATHS = (
					"$(inherited)",
					"$(PROJECT_DIR)/ScribeApp",
				);
				HEADER_SEARCH_PATHS = "$(PROJECT_DIR)/$(PROJECT)/ScribeSDK.framework/Headers";
				INFOPLIST_FILE = ScribeApp/Info.plist;
				IPHONEOS_DEPLOYMENT_TARGET = 8.2;
				LD_RUNPATH_SEARCH_PATHS = "$(inherited) @executable_path/Frameworks";
				PRODUCT_BUNDLE_IDENTIFIER = com.scribeLabs.scribeApp;
				PRODUCT_NAME = "$(TARGET_NAME)";
			};
			name = Release;
		};
/* End XCBuildConfiguration section */

/* Begin XCConfigurationList section */
		2883C5661DC287170065359D /* Build configuration list for PBXProject "ScribeApp" */ = {
			isa = XCConfigurationList;
			buildConfigurations = (
				2883C5831DC287180065359D /* Debug */,
				2883C5841DC287180065359D /* Release */,
			);
			defaultConfigurationIsVisible = 0;
			defaultConfigurationName = Release;
		};
		2883C5851DC287180065359D /* Build configuration list for PBXNativeTarget "ScribeApp" */ = {
			isa = XCConfigurationList;
			buildConfigurations = (
				2883C5861DC287180065359D /* Debug */,
				2883C5871DC287180065359D /* Release */,
			);
			defaultConfigurationIsVisible = 0;
			defaultConfigurationName = Release;
		};
/* End XCConfigurationList section */
	};
	rootObject = 2883C5631DC287170065359D /* Project object */;
}
